{
  "version": 4,
  "terraform_version": "1.5.7",
  "serial": 1,
  "lineage": "0bd34684-c745-679b-d80b-f751aaf4f8b4",
  "outputs": {},
  "resources": [
    {
      "mode": "managed",
      "type": "local_file",
      "name": "pw",
      "provider": "provider[\"registry.terraform.io/hashicorp/local\"]",
      "instances": [
        {
          "schema_version": 0,
          "attributes": {
            "content": "Passw0rd",
            "content_base64": null,
            "content_base64sha256": "qzjq2ut0ZZnywe6Q+CZ/MfRnNHRidkok1xrBhD7nf+M=",
            "content_base64sha512": "/g2EVt0/Gg9ozeEYYMNL3c6X3Lwg84n1NK+MTEniJfYwfKFuQUrATI1nuAghaQ7c64b43g1Sht037lYuPc8ugA==",
            "content_md5": "d41e98d1eafa6d6011d3a70f1a5b92f0",
            "content_sha1": "ebfc7910077770c8340f63cd2dca2ac1f120444f",
            "content_sha256": "ab38eadaeb746599f2c1ee90f8267f31f467347462764a24d71ac1843ee77fe3",
            "content_sha512": "fe0d8456dd3f1a0f68cde11860c34bddce97dcbc20f389f534af8c4c49e225f6307ca16e414ac04c8d67b80821690edceb86f8de0d5286dd37ee562e3dcf2e80",
            "directory_permission": "0777",
            "file_permission": "0777",
            "filename": "./pw.txt",
            "id": "ebfc7910077770c8340f63cd2dca2ac1f120444f",
            "sensitive_content": null,
            "source": null
          },
          "sensitive_attributes": [
            [
              {
                "type": "get_attr",
                "value": "content"
              }
            ]
          ]
        }
      ]
    }
  ],
  "check_results": null
}
