{
  "version": 4,
  "terraform_version": "1.5.7",
  "serial": 4,
  "lineage": "f30de6ef-cb62-a389-09eb-ed5037cb6f03",
  "outputs": {},
  "resources": [
    {
      "mode": "data",
      "type": "local_file",
      "name": "hello_world",
      "provider": "provider[\"registry.terraform.io/hashicorp/local\"]",
      "instances": [
        {
          "schema_version": 0,
          "attributes": {
            "content": "Hello World!",
            "content_base64": "SGVsbG8gV29ybGQh",
            "content_base64sha256": "f4OxZX/x/FO5LcGBSKHWXfwtSx+j1ncoSt3SABJtkGk=",
            "content_base64sha512": "hhhE1nBOhXP+w02WfiC8/vPUJM9IvgTm3AjyvVjHKXQzcQFerYkcw88cnTS0kmS1EHUbH/nlN5N7xGtdb/TsyA==",
            "content_md5": "ed076287532e86365e841e92bfc50d8c",
            "content_sha1": "2ef7bde608ce5404e97d5f042f95f89f1c232871",
            "content_sha256": "7f83b1657ff1fc53b92dc18148a1d65dfc2d4b1fa3d677284addd200126d9069",
            "content_sha512": "861844d6704e8573fec34d967e20bcfef3d424cf48be04e6dc08f2bd58c729743371015ead891cc3cf1c9d34b49264b510751b1ff9e537937bc46b5d6ff4ecc8",
            "filename": "./hello_world.txt",
            "id": "2ef7bde608ce5404e97d5f042f95f89f1c232871"
          },
          "sensitive_attributes": []
        }
      ]
    },
    {
      "mode": "managed",
      "type": "local_file",
      "name": "bye_world",
      "provider": "provider[\"registry.terraform.io/hashicorp/local\"]",
      "instances": [
        {
          "schema_version": 0,
          "attributes": {
            "content": "Hello World!",
            "content_base64": null,
            "content_base64sha256": "f4OxZX/x/FO5LcGBSKHWXfwtSx+j1ncoSt3SABJtkGk=",
            "content_base64sha512": "hhhE1nBOhXP+w02WfiC8/vPUJM9IvgTm3AjyvVjHKXQzcQFerYkcw88cnTS0kmS1EHUbH/nlN5N7xGtdb/TsyA==",
            "content_md5": "ed076287532e86365e841e92bfc50d8c",
            "content_sha1": "2ef7bde608ce5404e97d5f042f95f89f1c232871",
            "content_sha256": "7f83b1657ff1fc53b92dc18148a1d65dfc2d4b1fa3d677284addd200126d9069",
            "content_sha512": "861844d6704e8573fec34d967e20bcfef3d424cf48be04e6dc08f2bd58c729743371015ead891cc3cf1c9d34b49264b510751b1ff9e537937bc46b5d6ff4ecc8",
            "directory_permission": "0777",
            "file_permission": "0777",
            "filename": "./bye_world.txt",
            "id": "2ef7bde608ce5404e97d5f042f95f89f1c232871",
            "sensitive_content": null,
            "source": null
          },
          "sensitive_attributes": [],
          "dependencies": [
            "data.local_file.hello_world",
            "local_file.hello_world"
          ]
        }
      ]
    },
    {
      "mode": "managed",
      "type": "local_file",
      "name": "hello_world",
      "provider": "provider[\"registry.terraform.io/hashicorp/local\"]",
      "instances": [
        {
          "schema_version": 0,
          "attributes": {
            "content": "Hello World!",
            "content_base64": null,
            "content_base64sha256": "f4OxZX/x/FO5LcGBSKHWXfwtSx+j1ncoSt3SABJtkGk=",
            "content_base64sha512": "hhhE1nBOhXP+w02WfiC8/vPUJM9IvgTm3AjyvVjHKXQzcQFerYkcw88cnTS0kmS1EHUbH/nlN5N7xGtdb/TsyA==",
            "content_md5": "ed076287532e86365e841e92bfc50d8c",
            "content_sha1": "2ef7bde608ce5404e97d5f042f95f89f1c232871",
            "content_sha256": "7f83b1657ff1fc53b92dc18148a1d65dfc2d4b1fa3d677284addd200126d9069",
            "content_sha512": "861844d6704e8573fec34d967e20bcfef3d424cf48be04e6dc08f2bd58c729743371015ead891cc3cf1c9d34b49264b510751b1ff9e537937bc46b5d6ff4ecc8",
            "directory_permission": "0777",
            "file_permission": "0777",
            "filename": "./hello_world.txt",
            "id": "2ef7bde608ce5404e97d5f042f95f89f1c232871",
            "sensitive_content": null,
            "source": null
          },
          "sensitive_attributes": []
        }
      ]
    }
  ],
  "check_results": null
}
