{
  "version": 4,
  "terraform_version": "1.5.7",
  "serial": 5,
  "lineage": "7056b811-2542-bdf7-a2ec-b9659e014773",
  "outputs": {},
  "resources": [
    {
      "mode": "managed",
      "type": "local_file",
      "name": "count_ex",
      "provider": "provider[\"registry.terraform.io/hashicorp/local\"]",
      "instances": [
        {
          "index_key": 0,
          "schema_version": 0,
          "attributes": {
            "content": "Count Example0",
            "content_base64": null,
            "content_base64sha256": "4hKS7wQOjsDQx6JB4bAi4nUpKWZAqIKyO9tCZEg0WG0=",
            "content_base64sha512": "xzkdIzinHCOYzXS/fjC9VhHNfzO1PSmpYyMMh4HZO0Qa66f/a6p1A8hUHmUUJNT4lcKy2mFZUjI305lnMpgjBg==",
            "content_md5": "123869ca428614af5c8634fd6cd9418a",
            "content_sha1": "f8f5569270d2706425de3f3cba30b470536e17e9",
            "content_sha256": "e21292ef040e8ec0d0c7a241e1b022e27529296640a882b23bdb42644834586d",
            "content_sha512": "c7391d2338a71c2398cd74bf7e30bd5611cd7f33b53d29a963230c8781d93b441aeba7ff6baa7503c8541e651424d4f895c2b2da6159523237d3996732982306",
            "directory_permission": "0777",
            "file_permission": "0777",
            "filename": "./count_ex0.txt",
            "id": "f8f5569270d2706425de3f3cba30b470536e17e9",
            "sensitive_content": null,
            "source": null
          },
          "sensitive_attributes": []
        },
        {
          "index_key": 1,
          "schema_version": 0,
          "attributes": {
            "content": "Count Example1",
            "content_base64": null,
            "content_base64sha256": "MJxPNlGNB0CSLunz5nrctfoyz2bpIWpep1gVSZAye64=",
            "content_base64sha512": "+7TqKcwxdfauHyqUNj6tNv4ChNMKWjv6hZJHh5iniSXpGRBRNxRpfa0JtmK9sgfvDcKxIIMdVUT8oP1j872+4w==",
            "content_md5": "459771c1750e862ab9d69b6acff07303",
            "content_sha1": "d9746767f03c2c93346ade29cd10e142b8f36361",
            "content_sha256": "309c4f36518d0740922ee9f3e67adcb5fa32cf66e9216a5ea758154990327bae",
            "content_sha512": "fbb4ea29cc3175f6ae1f2a94363ead36fe0284d30a5a3bfa8592478798a78925e91910513714697dad09b662bdb207ef0dc2b120831d5544fca0fd63f3bdbee3",
            "directory_permission": "0777",
            "file_permission": "0777",
            "filename": "./count_ex1.txt",
            "id": "d9746767f03c2c93346ade29cd10e142b8f36361",
            "sensitive_content": null,
            "source": null
          },
          "sensitive_attributes": []
        },
        {
          "index_key": 2,
          "schema_version": 0,
          "attributes": {
            "content": "Count Example2",
            "content_base64": null,
            "content_base64sha256": "DU/y/zLrBEDsFXVMWZP1LHLLcN2crHdbt5RDryYdviw=",
            "content_base64sha512": "nmEcyBz5QhdGHy1N6uEsaP90+gGeB5yrahHvuqAOFtRgabFbRcEgYIHRb2Dw5Tj/4Pvyh516LApVzsDIxfe3Wg==",
            "content_md5": "bf1fe667f255cf31bcbc117447136071",
            "content_sha1": "49d66a1ee13b89e7b756e034511c257fcefb6db4",
            "content_sha256": "0d4ff2ff32eb0440ec15754c5993f52c72cb70dd9cac775bb79443af261dbe2c",
            "content_sha512": "9e611cc81cf94217461f2d4deae12c68ff74fa019e079cab6a11efbaa00e16d46069b15b45c1206081d16f60f0e538ffe0fbf2879d7a2c0a55cec0c8c5f7b75a",
            "directory_permission": "0777",
            "file_permission": "0777",
            "filename": "./count_ex2.txt",
            "id": "49d66a1ee13b89e7b756e034511c257fcefb6db4",
            "sensitive_content": null,
            "source": null
          },
          "sensitive_attributes": []
        },
        {
          "index_key": 3,
          "schema_version": 0,
          "attributes": {
            "content": "Count Example3",
            "content_base64": null,
            "content_base64sha256": "t8QIPSvrSPuzkjhud63+EQXL9o2qNo7SVPw9ovUB2fI=",
            "content_base64sha512": "41UcwA1eSvI3xw6S2qQEYeYYj3WGVup7RFdo/zNu8oQIeEUt6pzKceYemEOsXb0iJEVG0BKTJjvrhPVDGesJRg==",
            "content_md5": "d2fff027540f831e213684fd6b3eb3fb",
            "content_sha1": "86616b21709421b85c01bca2df353a1c78575de0",
            "content_sha256": "b7c4083d2beb48fbb392386e77adfe1105cbf68daa368ed254fc3da2f501d9f2",
            "content_sha512": "e3551cc00d5e4af237c70e92daa40461e6188f758656ea7b445768ff336ef2840878452dea9cca71e61e9843ac5dbd22244546d01293263beb84f54319eb0946",
            "directory_permission": "0777",
            "file_permission": "0777",
            "filename": "./count_ex3.txt",
            "id": "86616b21709421b85c01bca2df353a1c78575de0",
            "sensitive_content": null,
            "source": null
          },
          "sensitive_attributes": []
        },
        {
          "index_key": 4,
          "schema_version": 0,
          "attributes": {
            "content": "Count Example4",
            "content_base64": null,
            "content_base64sha256": "1LPZzCxdRUlcNL30ZMG5ho2OpCJImhN46U3NCeYrzUE=",
            "content_base64sha512": "ki4n/ti0QPs5f2C9qgE8Mz5NqRsksnILap34YAhQ+HAORKV3Lq43r8AlIkOL6eFve2mZOEjqZ33UTJjrOfm1sA==",
            "content_md5": "b1dbc0dc4e6ddddefc24bb10b2d40e25",
            "content_sha1": "1769703fc1e2f2e3f101c972cc0dcbd1914e6857",
            "content_sha256": "d4b3d9cc2c5d45495c34bdf464c1b9868d8ea422489a1378e94dcd09e62bcd41",
            "content_sha512": "922e27fed8b440fb397f60bdaa013c333e4da91b24b2720b6a9df8600850f8700e44a5772eae37afc02522438be9e16f7b69993848ea677dd44c98eb39f9b5b0",
            "directory_permission": "0777",
            "file_permission": "0777",
            "filename": "./count_ex4.txt",
            "id": "1769703fc1e2f2e3f101c972cc0dcbd1914e6857",
            "sensitive_content": null,
            "source": null
          },
          "sensitive_attributes": []
        }
      ]
    }
  ],
  "check_results": null
}
