{
  "version": 4,
  "terraform_version": "1.5.7",
  "serial": 5,
  "lineage": "750da6c6-852c-28d8-890b-82c2382cd7a4",
  "outputs": {},
  "resources": [
    {
      "mode": "managed",
      "type": "local_file",
      "name": "count_ex",
      "provider": "provider[\"registry.terraform.io/hashicorp/local\"]",
      "instances": [
        {
          "index_key": 0,
          "schema_version": 0,
          "attributes": {
            "content": "Count Example",
            "content_base64": null,
            "content_base64sha256": "WbQyEeSP3YiJSKXaSRuoXrufU6vBMRgOH7FU+mUs2wo=",
            "content_base64sha512": "Y/J3j3pzVX1FWvlrRQGrtBEARZViqe6hWFMyTH0B4BUo6HLotJER9lFAOkzXwAV9h4/o29KATLxk/hD2xy6Mow==",
            "content_md5": "1ebb4667afb43407e4b9aa22b68f6153",
            "content_sha1": "4a0fd8ff372d37d08bdf2f8acfd43ae04a278952",
            "content_sha256": "59b43211e48fdd888948a5da491ba85ebb9f53abc131180e1fb154fa652cdb0a",
            "content_sha512": "63f2778f7a73557d455af96b4501abb41100459562a9eea15853324c7d01e01528e872e8b49111f651403a4cd7c0057d878fe8dbd2804cbc64fe10f6c72e8ca3",
            "directory_permission": "0777",
            "file_permission": "0777",
            "filename": "./count_ex_a.txt",
            "id": "4a0fd8ff372d37d08bdf2f8acfd43ae04a278952",
            "sensitive_content": null,
            "source": null
          },
          "sensitive_attributes": []
        },
        {
          "index_key": 1,
          "schema_version": 0,
          "attributes": {
            "content": "Count Example",
            "content_base64": null,
            "content_base64sha256": "WbQyEeSP3YiJSKXaSRuoXrufU6vBMRgOH7FU+mUs2wo=",
            "content_base64sha512": "Y/J3j3pzVX1FWvlrRQGrtBEARZViqe6hWFMyTH0B4BUo6HLotJER9lFAOkzXwAV9h4/o29KATLxk/hD2xy6Mow==",
            "content_md5": "1ebb4667afb43407e4b9aa22b68f6153",
            "content_sha1": "4a0fd8ff372d37d08bdf2f8acfd43ae04a278952",
            "content_sha256": "59b43211e48fdd888948a5da491ba85ebb9f53abc131180e1fb154fa652cdb0a",
            "content_sha512": "63f2778f7a73557d455af96b4501abb41100459562a9eea15853324c7d01e01528e872e8b49111f651403a4cd7c0057d878fe8dbd2804cbc64fe10f6c72e8ca3",
            "directory_permission": "0777",
            "file_permission": "0777",
            "filename": "./count_ex_b.txt",
            "id": "4a0fd8ff372d37d08bdf2f8acfd43ae04a278952",
            "sensitive_content": null,
            "source": null
          },
          "sensitive_attributes": []
        },
        {
          "index_key": 2,
          "schema_version": 0,
          "attributes": {
            "content": "Count Example",
            "content_base64": null,
            "content_base64sha256": "WbQyEeSP3YiJSKXaSRuoXrufU6vBMRgOH7FU+mUs2wo=",
            "content_base64sha512": "Y/J3j3pzVX1FWvlrRQGrtBEARZViqe6hWFMyTH0B4BUo6HLotJER9lFAOkzXwAV9h4/o29KATLxk/hD2xy6Mow==",
            "content_md5": "1ebb4667afb43407e4b9aa22b68f6153",
            "content_sha1": "4a0fd8ff372d37d08bdf2f8acfd43ae04a278952",
            "content_sha256": "59b43211e48fdd888948a5da491ba85ebb9f53abc131180e1fb154fa652cdb0a",
            "content_sha512": "63f2778f7a73557d455af96b4501abb41100459562a9eea15853324c7d01e01528e872e8b49111f651403a4cd7c0057d878fe8dbd2804cbc64fe10f6c72e8ca3",
            "directory_permission": "0777",
            "file_permission": "0777",
            "filename": "./count_ex_c.txt",
            "id": "4a0fd8ff372d37d08bdf2f8acfd43ae04a278952",
            "sensitive_content": null,
            "source": null
          },
          "sensitive_attributes": []
        }
      ]
    },
    {
      "mode": "managed",
      "type": "local_file",
      "name": "count_ex2",
      "provider": "provider[\"registry.terraform.io/hashicorp/local\"]",
      "instances": [
        {
          "index_key": 0,
          "schema_version": 0,
          "attributes": {
            "content": "Count Example",
            "content_base64": null,
            "content_base64sha256": "WbQyEeSP3YiJSKXaSRuoXrufU6vBMRgOH7FU+mUs2wo=",
            "content_base64sha512": "Y/J3j3pzVX1FWvlrRQGrtBEARZViqe6hWFMyTH0B4BUo6HLotJER9lFAOkzXwAV9h4/o29KATLxk/hD2xy6Mow==",
            "content_md5": "1ebb4667afb43407e4b9aa22b68f6153",
            "content_sha1": "4a0fd8ff372d37d08bdf2f8acfd43ae04a278952",
            "content_sha256": "59b43211e48fdd888948a5da491ba85ebb9f53abc131180e1fb154fa652cdb0a",
            "content_sha512": "63f2778f7a73557d455af96b4501abb41100459562a9eea15853324c7d01e01528e872e8b49111f651403a4cd7c0057d878fe8dbd2804cbc64fe10f6c72e8ca3",
            "directory_permission": "0777",
            "file_permission": "0777",
            "filename": "./count_ex2_a.txt",
            "id": "4a0fd8ff372d37d08bdf2f8acfd43ae04a278952",
            "sensitive_content": null,
            "source": null
          },
          "sensitive_attributes": [],
          "dependencies": [
            "local_file.count_ex"
          ]
        },
        {
          "index_key": 1,
          "schema_version": 0,
          "attributes": {
            "content": "Count Example",
            "content_base64": null,
            "content_base64sha256": "WbQyEeSP3YiJSKXaSRuoXrufU6vBMRgOH7FU+mUs2wo=",
            "content_base64sha512": "Y/J3j3pzVX1FWvlrRQGrtBEARZViqe6hWFMyTH0B4BUo6HLotJER9lFAOkzXwAV9h4/o29KATLxk/hD2xy6Mow==",
            "content_md5": "1ebb4667afb43407e4b9aa22b68f6153",
            "content_sha1": "4a0fd8ff372d37d08bdf2f8acfd43ae04a278952",
            "content_sha256": "59b43211e48fdd888948a5da491ba85ebb9f53abc131180e1fb154fa652cdb0a",
            "content_sha512": "63f2778f7a73557d455af96b4501abb41100459562a9eea15853324c7d01e01528e872e8b49111f651403a4cd7c0057d878fe8dbd2804cbc64fe10f6c72e8ca3",
            "directory_permission": "0777",
            "file_permission": "0777",
            "filename": "./count_ex2_b.txt",
            "id": "4a0fd8ff372d37d08bdf2f8acfd43ae04a278952",
            "sensitive_content": null,
            "source": null
          },
          "sensitive_attributes": [],
          "dependencies": [
            "local_file.count_ex"
          ]
        },
        {
          "index_key": 2,
          "schema_version": 0,
          "attributes": {
            "content": "Count Example",
            "content_base64": null,
            "content_base64sha256": "WbQyEeSP3YiJSKXaSRuoXrufU6vBMRgOH7FU+mUs2wo=",
            "content_base64sha512": "Y/J3j3pzVX1FWvlrRQGrtBEARZViqe6hWFMyTH0B4BUo6HLotJER9lFAOkzXwAV9h4/o29KATLxk/hD2xy6Mow==",
            "content_md5": "1ebb4667afb43407e4b9aa22b68f6153",
            "content_sha1": "4a0fd8ff372d37d08bdf2f8acfd43ae04a278952",
            "content_sha256": "59b43211e48fdd888948a5da491ba85ebb9f53abc131180e1fb154fa652cdb0a",
            "content_sha512": "63f2778f7a73557d455af96b4501abb41100459562a9eea15853324c7d01e01528e872e8b49111f651403a4cd7c0057d878fe8dbd2804cbc64fe10f6c72e8ca3",
            "directory_permission": "0777",
            "file_permission": "0777",
            "filename": "./count_ex2_c.txt",
            "id": "4a0fd8ff372d37d08bdf2f8acfd43ae04a278952",
            "sensitive_content": null,
            "source": null
          },
          "sensitive_attributes": [],
          "dependencies": [
            "local_file.count_ex"
          ]
        }
      ]
    }
  ],
  "check_results": null
}
